PODS:
  - AGCategories (0.1.8)
  - AGViewModel (0.6.25)

DEPENDENCIES:
  - AGCategories (~> 0.1.8)
  - AGViewModel (~> 0.6.25)

SPEC REPOS:
  https://github.com/cocoapods/specs.git:
    - AGCategories
    - AGViewModel

SPEC CHECKSUMS:
  AGCategories: 1fcd073caad1c6f369521234cff7abf095e21c29
  AGViewModel: 8e928058bde9ad08b7c3a94771ec6dc78575099d

PODFILE CHECKSUM: 12a6dcc31119a08add5cf903addb843176a64f2a

COCOAPODS: 1.6.1
