PODS:
  - AGCategories (0.1.6)
  - AGViewModel (0.6.14)

DEPENDENCIES:
  - AGCategories (~> 0.1.6)
  - AGViewModel (~> 0.6.14)

SPEC REPOS:
  https://github.com/cocoapods/specs.git:
    - AGCategories
    - AGViewModel

SPEC CHECKSUMS:
  AGCategories: 1dd0221e4af54fb61834237982d81037c40e4d0f
  AGViewModel: bf47e2b58ec50c5278ef8c9039cfc15c192ce786

PODFILE CHECKSUM: 51c0e519781d575f61887205f76455cd542ee598

COCOAPODS: 1.5.3
